
Microsoft Visual Studio Solution File, Format Version 12.00
# Visual Studio Version 16
VisualStudioVersion = 16.0.30114.105
MinimumVisualStudioVersion = 10.0.40219.1
Project("{FAE04EC0-301F-11D3-BF4B-00C04F79EFBC}") = "YourAppOnLinux", "YourAppOnLinux\YourAppOnLinux.csproj", "{E364C99E-EC00-49F6-AE4F-0E15CC2F37FF}"
EndProject
Global
	GlobalSection(SolutionConfigurationPlatforms) = preSolution
		Debug|Any CPU = Debug|Any CPU
		Release|Any CPU = Release|Any CPU
	EndGlobalSection
	GlobalSection(ProjectConfigurationPlatforms) = postSolution
		{E364C99E-EC00-49F6-AE4F-0E15CC2F37FF}.Debug|Any CPU.ActiveCfg = Debug|Any CPU
		{E364C99E-EC00-49F6-AE4F-0E15CC2F37FF}.Debug|Any CPU.Build.0 = Debug|Any CPU
		{E364C99E-EC00-49F6-AE4F-0E15CC2F37FF}.Release|Any CPU.ActiveCfg = Release|Any CPU
		{E364C99E-EC00-49F6-AE4F-0E15CC2F37FF}.Release|Any CPU.Build.0 = Release|Any CPU
	EndGlobalSection
	GlobalSection(SolutionProperties) = preSolution
		HideSolutionNode = FALSE
	EndGlobalSection
	GlobalSection(ExtensibilityGlobals) = postSolution
		SolutionGuid = {8A8616F3-7748-49BB-9A98-544E2B7B10D5}
	EndGlobalSection
EndGlobal
